
Microsoft Visual Studio Solution File, Format Version 12.00
Project("{FAE04EC0-301F-11D3-BF4B-00C04F79EFBC}") = "ConsoleAppDeliveryFoodNotifyTgService", "ConsoleAppDeliveryFoodNotifyTgService\ConsoleAppDeliveryFoodNotifyTgService.csproj", "{68792C34-9053-414B-B7B5-DFCD75B5D708}"
EndProject
Global
	GlobalSection(SolutionConfigurationPlatforms) = preSolution
		Debug|Any CPU = Debug|Any CPU
		Release|Any CPU = Release|Any CPU
	EndGlobalSection
	GlobalSection(ProjectConfigurationPlatforms) = postSolution
		{68792C34-9053-414B-B7B5-DFCD75B5D708}.Debug|Any CPU.ActiveCfg = Debug|Any CPU
		{68792C34-9053-414B-B7B5-DFCD75B5D708}.Debug|Any CPU.Build.0 = Debug|Any CPU
		{68792C34-9053-414B-B7B5-DFCD75B5D708}.Release|Any CPU.ActiveCfg = Release|Any CPU
		{68792C34-9053-414B-B7B5-DFCD75B5D708}.Release|Any CPU.Build.0 = Release|Any CPU
	EndGlobalSection
EndGlobal
